// !$*UTF8*$!
{
	archiveVersion = 1;
	classes = {
	};
	objectVersion = 46;
	objects = {

/* Begin PBXBuildFile section */
		7171E87419E9E81900E3048A /* main.m in Sources */ = {isa = PBXBuildFile; fileRef = 7171E87319E9E81900E3048A /* main.m */; };
		7171E87719E9E81900E3048A /* AppDelegate.m in Sources */ = {isa = PBXBuildFile; fileRef = 7171E87619E9E81900E3048A /* AppDelegate.m */; };
		7171E87A19E9E81900E3048A /* RootViewController.m in Sources */ = {isa = PBXBuildFile; fileRef = 7171E87919E9E81900E3048A /* RootViewController.m */; };
		7171E87D19E9E81900E3048A /* DataViewController.m in Sources */ = {isa = PBXBuildFile; fileRef = 7171E87C19E9E81900E3048A /* DataViewController.m */; };
		7171E88019E9E81900E3048A /* ModelController.m in Sources */ = {isa = PBXBuildFile; fileRef = 7171E87F19E9E81900E3048A /* ModelController.m */; };
		7171E88319E9E81900E3048A /* Main.storyboard in Resources */ = {isa = PBXBuildFile; fileRef = 7171E88119E9E81900E3048A /* Main.storyboard */; };
		7171E88519E9E81900E3048A /* Images.xcassets in Resources */ = {isa = PBXBuildFile; fileRef = 7171E88419E9E81900E3048A /* Images.xcassets */; };
		7171E88819E9E81900E3048A /* LaunchScreen.xib in Resources */ = {isa = PBXBuildFile; fileRef = 7171E88619E9E81900E3048A /* LaunchScreen.xib */; };
		7171E89419E9E81900E3048A /* trainTests.m in Sources */ = {isa = PBXBuildFile; fileRef = 7171E89319E9E81900E3048A /* trainTests.m */; };
/* End PBXBuildFile section */

/* Begin PBXContainerItemProxy section */
		7171E88E19E9E81900E3048A /* PBXContainerItemProxy */ = {
			isa = PBXContainerItemProxy;
			containerPortal = 7171E86619E9E81900E3048A /* Project object */;
			proxyType = 1;
			remoteGlobalIDString = 7171E86D19E9E81900E3048A;
			remoteInfo = train;
		};
/* End PBXContainerItemProxy section */

/* Begin PBXFileReference section */
		7171E86E19E9E81900E3048A /* train.app */ = {isa = PBXFileReference; explicitFileType = wrapper.application; includeInIndex = 0; path = train.app; sourceTree = BUILT_PRODUCTS_DIR; };
		7171E87219E9E81900E3048A /* Info.plist */ = {isa = PBXFileReference; lastKnownFileType = text.plist.xml; path = Info.plist; sourceTree = "<group>"; };
		7171E87319E9E81900E3048A /* main.m */ = {isa = PBXFileReference; lastKnownFileType = sourcecode.c.objc; path = main.m; sourceTree = "<group>"; };
		7171E87519E9E81900E3048A /* AppDelegate.h */ = {isa = PBXFileReference; lastKnownFileType = sourcecode.c.h; path = AppDelegate.h; sourceTree = "<group>"; };
		7171E87619E9E81900E3048A /* AppDelegate.m */ = {isa = PBXFileReference; lastKnownFileType = sourcecode.c.objc; path = AppDelegate.m; sourceTree = "<group>"; };
		7171E87819E9E81900E3048A /* RootViewController.h */ = {isa = PBXFileReference; lastKnownFileType = sourcecode.c.h; path = RootViewController.h; sourceTree = "<group>"; };
		7171E87919E9E81900E3048A /* RootViewController.m */ = {isa = PBXFileReference; lastKnownFileType = sourcecode.c.objc; path = RootViewController.m; sourceTree = "<group>"; };
		7171E87B19E9E81900E3048A /* DataViewController.h */ = {isa = PBXFileReference; lastKnownFileType = sourcecode.c.h; path = DataViewController.h; sourceTree = "<group>"; };
		7171E87C19E9E81900E3048A /* DataViewController.m */ = {isa = PBXFileReference; lastKnownFileType = sourcecode.c.objc; path = DataViewController.m; sourceTree = "<group>"; };
		7171E87E19E9E81900E3048A /* ModelController.h */ = {isa = PBXFileReference; lastKnownFileType = sourcecode.c.h; path = ModelController.h; sourceTree = "<group>"; };
		7171E87F19E9E81900E3048A /* ModelController.m */ = {isa = PBXFileReference; lastKnownFileType = sourcecode.c.objc; path = ModelController.m; sourceTree = "<group>"; };
		7171E88219E9E81900E3048A /* Base */ = {isa = PBXFileReference; lastKnownFileType = file.storyboard; name = Base; path = Base.lproj/Main.storyboard; sourceTree = "<group>"; };
		7171E88419E9E81900E3048A /* Images.xcassets */ = {isa = PBXFileReference; lastKnownFileType = folder.assetcatalog; path = Images.xcassets; sourceTree = "<group>"; };
		7171E88719E9E81900E3048A /* Base */ = {isa = PBXFileReference; lastKnownFileType = file.xib; name = Base; path = Base.lproj/LaunchScreen.xib; sourceTree = "<group>"; };
		7171E88D19E9E81900E3048A /* trainTests.xctest */ = {isa = PBXFileReference; explicitFileType = wrapper.cfbundle; includeInIndex = 0; path = trainTests.xctest; sourceTree = BUILT_PRODUCTS_DIR; };
		7171E89219E9E81900E3048A /* Info.plist */ = {isa = PBXFileReference; lastKnownFileType = text.plist.xml; path = Info.plist; sourceTree = "<group>"; };
		7171E89319E9E81900E3048A /* trainTests.m */ = {isa = PBXFileReference; lastKnownFileType = sourcecode.c.objc; path = trainTests.m; sourceTree = "<group>"; };
/* End PBXFileReference section */

/* Begin PBXFrameworksBuildPhase section */
		7171E86B19E9E81900E3048A /* Frameworks */ = {
			isa = PBXFrameworksBuildPhase;
			buildActionMask = 2147483647;
			files = (
			);
			runOnlyForDeploymentPostprocessing = 0;
		};
		7171E88A19E9E81900E3048A /* Frameworks */ = {
			isa = PBXFrameworksBuildPhase;
			buildActionMask = 2147483647;
			files = (
			);
			runOnlyForDeploymentPostprocessing = 0;
		};
/* End PBXFrameworksBuildPhase section */

/* Begin PBXGroup section */
		7171E86519E9E81900E3048A = {
			isa = PBXGroup;
			children = (
				7171E87019E9E81900E3048A /* train */,
				7171E89019E9E81900E3048A /* trainTests */,
				7171E86F19E9E81900E3048A /* Products */,
			);
			sourceTree = "<group>";
		};
		7171E86F19E9E81900E3048A /* Products */ = {
			isa = PBXGroup;
			children = (
				7171E86E19E9E81900E3048A /* train.app */,
				7171E88D19E9E81900E3048A /* trainTests.xctest */,
			);
			name = Products;
			sourceTree = "<group>";
		};
		7171E87019E9E81900E3048A /* train */ = {
			isa = PBXGroup;
			children = (
				7171E87519E9E81900E3048A /* AppDelegate.h */,
				7171E87619E9E81900E3048A /* AppDelegate.m */,
				7171E87819E9E81900E3048A /* RootViewController.h */,
				7171E87919E9E81900E3048A /* RootViewController.m */,
				7171E87B19E9E81900E3048A /* DataViewController.h */,
				7171E87C19E9E81900E3048A /* DataViewController.m */,
				7171E87E19E9E81900E3048A /* ModelController.h */,
				7171E87F19E9E81900E3048A /* ModelController.m */,
				7171E88119E9E81900E3048A /* Main.storyboard */,
				7171E88419E9E81900E3048A /* Images.xcassets */,
				7171E88619E9E81900E3048A /* LaunchScreen.xib */,
				7171E87119E9E81900E3048A /* Supporting Files */,
			);
			path = train;
			sourceTree = "<group>";
		};
		7171E87119E9E81900E3048A /* Supporting Files */ = {
			isa = PBXGroup;
			children = (
				7171E87219E9E81900E3048A /* Info.plist */,
				7171E87319E9E81900E3048A /* main.m */,
			);
			name = "Supporting Files";
			sourceTree = "<group>";
		};
		7171E89019E9E81900E3048A /* trainTests */ = {
			isa = PBXGroup;
			children = (
				7171E89319E9E81900E3048A /* trainTests.m */,
				7171E89119E9E81900E3048A /* Supporting Files */,
			);
			path = trainTests;
			sourceTree = "<group>";
		};
		7171E89119E9E81900E3048A /* Supporting Files */ = {
			isa = PBXGroup;
			children = (
				7171E89219E9E81900E3048A /* Info.plist */,
			);
			name = "Supporting Files";
			sourceTree = "<group>";
		};
/* End PBXGroup section */

/* Begin PBXNativeTarget section */
		7171E86D19E9E81900E3048A /* train */ = {
			isa = PBXNativeTarget;
			buildConfigurationList = 7171E89719E9E81900E3048A /* Build configuration list for PBXNativeTarget "train" */;
			buildPhases = (
				7171E86A19E9E81900E3048A /* Sources */,
				7171E86B19E9E81900E3048A /* Frameworks */,
				7171E86C19E9E81900E3048A /* Resources */,
			);
			buildRules = (
			);
			dependencies = (
			);
			name = train;
			productName = train;
			productReference = 7171E86E19E9E81900E3048A /* train.app */;
			productType = "com.apple.product-type.application";
		};
		7171E88C19E9E81900E3048A /* trainTests */ = {
			isa = PBXNativeTarget;
			buildConfigurationList = 7171E89A19E9E81900E3048A /* Build configuration list for PBXNativeTarget "trainTests" */;
			buildPhases = (
				7171E88919E9E81900E3048A /* Sources */,
				7171E88A19E9E81900E3048A /* Frameworks */,
				7171E88B19E9E81900E3048A /* Resources */,
			);
			buildRules = (
			);
			dependencies = (
				7171E88F19E9E81900E3048A /* PBXTargetDependency */,
			);
			name = trainTests;
			productName = trainTests;
			productReference = 7171E88D19E9E81900E3048A /* trainTests.xctest */;
			productType = "com.apple.product-type.bundle.unit-test";
		};
/* End PBXNativeTarget section */

/* Begin PBXProject section */
		7171E86619E9E81900E3048A /* Project object */ = {
			isa = PBXProject;
			attributes = {
				LastUpgradeCheck = 0600;
				ORGANIZATIONNAME = Krish;
				TargetAttributes = {
					7171E86D19E9E81900E3048A = {
						CreatedOnToolsVersion = 6.0.1;
					};
					7171E88C19E9E81900E3048A = {
						CreatedOnToolsVersion = 6.0.1;
						TestTargetID = 7171E86D19E9E81900E3048A;
					};
				};
			};
			buildConfigurationList = 7171E86919E9E81900E3048A /* Build configuration list for PBXProject "train" */;
			compatibilityVersion = "Xcode 3.2";
			developmentRegion = English;
			hasScannedForEncodings = 0;
			knownRegions = (
				en,
				Base,
			);
			mainGroup = 7171E86519E9E81900E3048A;
			productRefGroup = 7171E86F19E9E81900E3048A /* Products */;
			projectDirPath = "";
			projectRoot = "";
			targets = (
				7171E86D19E9E81900E3048A /* train */,
				7171E88C19E9E81900E3048A /* trainTests */,
			);
		};
/* End PBXProject section */

/* Begin PBXResourcesBuildPhase section */
		7171E86C19E9E81900E3048A /* Resources */ = {
			isa = PBXResourcesBuildPhase;
			buildActionMask = 2147483647;
			files = (
				7171E88319E9E81900E3048A /* Main.storyboard in Resources */,
				7171E88819E9E81900E3048A /* LaunchScreen.xib in Resources */,
				7171E88519E9E81900E3048A /* Images.xcassets in Resources */,
			);
			runOnlyForDeploymentPostprocessing = 0;
		};
		7171E88B19E9E81900E3048A /* Resources */ = {
			isa = PBXResourcesBuildPhase;
			buildActionMask = 2147483647;
			files = (
			);
			runOnlyForDeploymentPostprocessing = 0;
		};
/* End PBXResourcesBuildPhase section */

/* Begin PBXSourcesBuildPhase section */
		7171E86A19E9E81900E3048A /* Sources */ = {
			isa = PBXSourcesBuildPhase;
			buildActionMask = 2147483647;
			files = (
				7171E87D19E9E81900E3048A /* DataViewController.m in Sources */,
				7171E87719E9E81900E3048A /* AppDelegate.m in Sources */,
				7171E88019E9E81900E3048A /* ModelController.m in Sources */,
				7171E87419E9E81900E3048A /* main.m in Sources */,
				7171E87A19E9E81900E3048A /* RootViewController.m in Sources */,
			);
			runOnlyForDeploymentPostprocessing = 0;
		};
		7171E88919E9E81900E3048A /* Sources */ = {
			isa = PBXSourcesBuildPhase;
			buildActionMask = 2147483647;
			files = (
				7171E89419E9E81900E3048A /* trainTests.m in Sources */,
			);
			runOnlyForDeploymentPostprocessing = 0;
		};
/* End PBXSourcesBuildPhase section */

/* Begin PBXTargetDependency section */
		7171E88F19E9E81900E3048A /* PBXTargetDependency */ = {
			isa = PBXTargetDependency;
			target = 7171E86D19E9E81900E3048A /* train */;
			targetProxy = 7171E88E19E9E81900E3048A /* PBXContainerItemProxy */;
		};
/* End PBXTargetDependency section */

/* Begin PBXVariantGroup section */
		7171E88119E9E81900E3048A /* Main.storyboard */ = {
			isa = PBXVariantGroup;
			children = (
				7171E88219E9E81900E3048A /* Base */,
			);
			name = Main.storyboard;
			sourceTree = "<group>";
		};
		7171E88619E9E81900E3048A /* LaunchScreen.xib */ = {
			isa = PBXVariantGroup;
			children = (
				7171E88719E9E81900E3048A /* Base */,
			);
			name = LaunchScreen.xib;
			sourceTree = "<group>";
		};
/* End PBXVariantGroup section */

/* Begin XCBuildConfiguration section */
		7171E89519E9E81900E3048A /* Debug */ = {
			isa = XCBuildConfiguration;
			buildSettings = {
				ALWAYS_SEARCH_USER_PATHS = NO;
				CLANG_CXX_LANGUAGE_STANDARD = "gnu++0x";
				CLANG_CXX_LIBRARY = "libc++";
				CLANG_ENABLE_MODULES = YES;
				CLANG_ENABLE_OBJC_ARC = YES;
				CLANG_WARN_BOOL_CONVERSION = YES;
				CLANG_WARN_CONSTANT_CONVERSION = YES;
				CLANG_WARN_DIRECT_OBJC_ISA_USAGE = YES_ERROR;
				CLANG_WARN_EMPTY_BODY = YES;
				CLANG_WARN_ENUM_CONVERSION = YES;
				CLANG_WARN_INT_CONVERSION = YES;
				CLANG_WARN_OBJC_ROOT_CLASS = YES_ERROR;
				CLANG_WARN_UNREACHABLE_CODE = YES;
				CLANG_WARN__DUPLICATE_METHOD_MATCH = YES;
				"CODE_SIGN_IDENTITY[sdk=iphoneos*]" = "iPhone Developer";
				COPY_PHASE_STRIP = NO;
				ENABLE_STRICT_OBJC_MSGSEND = YES;
				GCC_C_LANGUAGE_STANDARD = gnu99;
				GCC_DYNAMIC_NO_PIC = NO;
				GCC_OPTIMIZATION_LEVEL = 0;
				GCC_PREPROCESSOR_DEFINITIONS = (
					"DEBUG=1",
					"$(inherited)",
				);
				GCC_SYMBOLS_PRIVATE_EXTERN = NO;
				GCC_WARN_64_TO_32_BIT_CONVERSION = YES;
				GCC_WARN_ABOUT_RETURN_TYPE = YES_ERROR;
				GCC_WARN_UNDECLARED_SELECTOR = YES;
				GCC_WARN_UNINITIALIZED_AUTOS = YES_AGGRESSIVE;
				GCC_WARN_UNUSED_FUNCTION = YES;
				GCC_WARN_UNUSED_VARIABLE = YES;
				IPHONEOS_DEPLOYMENT_TARGET = 8.0;
				MTL_ENABLE_DEBUG_INFO = YES;
				ONLY_ACTIVE_ARCH = YES;
				SDKROOT = iphoneos;
				TARGETED_DEVICE_FAMILY = "1,2";
			};
			name = Debug;
		};
		7171E89619E9E81900E3048A /* Release */ = {
			isa = XCBuildConfiguration;
			buildSettings = {
				ALWAYS_SEARCH_USER_PATHS = NO;
				CLANG_CXX_LANGUAGE_STANDARD = "gnu++0x";
				CLANG_CXX_LIBRARY = "libc++";
				CLANG_ENABLE_MODULES = YES;
				CLANG_ENABLE_OBJC_ARC = YES;
				CLANG_WARN_BOOL_CONVERSION = YES;
				CLANG_WARN_CONSTANT_CONVERSION = YES;
				CLANG_WARN_DIRECT_OBJC_ISA_USAGE = YES_ERROR;
				CLANG_WARN_EMPTY_BODY = YES;
				CLANG_WARN_ENUM_CONVERSION = YES;
				CLANG_WARN_INT_CONVERSION = YES;
				CLANG_WARN_OBJC_ROOT_CLASS = YES_ERROR;
				CLANG_WARN_UNREACHABLE_CODE = YES;
				CLANG_WARN__DUPLICATE_METHOD_MATCH = YES;
				"CODE_SIGN_IDENTITY[sdk=iphoneos*]" = "iPhone Developer";
				COPY_PHASE_STRIP = YES;
				ENABLE_NS_ASSERTIONS = NO;
				ENABLE_STRICT_OBJC_MSGSEND = YES;
				GCC_C_LANGUAGE_STANDARD = gnu99;
				GCC_WARN_64_TO_32_BIT_CONVERSION = YES;
				GCC_WARN_ABOUT_RETURN_TYPE = YES_ERROR;
				GCC_WARN_UNDECLARED_SELECTOR = YES;
				GCC_WARN_UNINITIALIZED_AUTOS = YES_AGGRESSIVE;
				GCC_WARN_UNUSED_FUNCTION = YES;
				GCC_WARN_UNUSED_VARIABLE = YES;
				IPHONEOS_DEPLOYMENT_TARGET = 8.0;
				MTL_ENABLE_DEBUG_INFO = NO;
				SDKROOT = iphoneos;
				TARGETED_DEVICE_FAMILY = "1,2";
				VALIDATE_PRODUCT = YES;
			};
			name = Release;
		};
		7171E89819E9E81900E3048A /* Debug */ = {
			isa = XCBuildConfiguration;
			buildSettings = {
				ASSETCATALOG_COMPILER_APPICON_NAME = AppIcon;
				INFOPLIST_FILE = train/Info.plist;
				LD_RUNPATH_SEARCH_PATHS = "$(inherited) @executable_path/Frameworks";
				PRODUCT_NAME = "$(TARGET_NAME)";
			};
			name = Debug;
		};
		7171E89919E9E81900E3048A /* Release */ = {
			isa = XCBuildConfiguration;
			buildSettings = {
				ASSETCATALOG_COMPILER_APPICON_NAME = AppIcon;
				INFOPLIST_FILE = train/Info.plist;
				LD_RUNPATH_SEARCH_PATHS = "$(inherited) @executable_path/Frameworks";
				PRODUCT_NAME = "$(TARGET_NAME)";
			};
			name = Release;
		};
		7171E89B19E9E81900E3048A /* Debug */ = {
			isa = XCBuildConfiguration;
			buildSettings = {
				BUNDLE_LOADER = "$(TEST_HOST)";
				FRAMEWORK_SEARCH_PATHS = (
					"$(SDKROOT)/Developer/Library/Frameworks",
					"$(inherited)",
				);
				GCC_PREPROCESSOR_DEFINITIONS = (
					"DEBUG=1",
					"$(inherited)",
				);
				INFOPLIST_FILE = trainTests/Info.plist;
				LD_RUNPATH_SEARCH_PATHS = "$(inherited) @executable_path/Frameworks @loader_path/Frameworks";
				PRODUCT_NAME = "$(TARGET_NAME)";
				TEST_HOST = "$(BUILT_PRODUCTS_DIR)/train.app/train";
			};
			name = Debug;
		};
		7171E89C19E9E81900E3048A /* Release */ = {
			isa = XCBuildConfiguration;
			buildSettings = {
				BUNDLE_LOADER = "$(TEST_HOST)";
				FRAMEWORK_SEARCH_PATHS = (
					"$(SDKROOT)/Developer/Library/Frameworks",
					"$(inherited)",
				);
				INFOPLIST_FILE = trainTests/Info.plist;
				LD_RUNPATH_SEARCH_PATHS = "$(inherited) @executable_path/Frameworks @loader_path/Frameworks";
				PRODUCT_NAME = "$(TARGET_NAME)";
				TEST_HOST = "$(BUILT_PRODUCTS_DIR)/train.app/train";
			};
			name = Release;
		};
/* End XCBuildConfiguration section */

/* Begin XCConfigurationList section */
		7171E86919E9E81900E3048A /* Build configuration list for PBXProject "train" */ = {
			isa = XCConfigurationList;
			buildConfigurations = (
				7171E89519E9E81900E3048A /* Debug */,
				7171E89619E9E81900E3048A /* Release */,
			);
			defaultConfigurationIsVisible = 0;
			defaultConfigurationName = Release;
		};
		7171E89719E9E81900E3048A /* Build configuration list for PBXNativeTarget "train" */ = {
			isa = XCConfigurationList;
			buildConfigurations = (
				7171E89819E9E81900E3048A /* Debug */,
				7171E89919E9E81900E3048A /* Release */,
			);
			defaultConfigurationIsVisible = 0;
		};
		7171E89A19E9E81900E3048A /* Build configuration list for PBXNativeTarget "trainTests" */ = {
			isa = XCConfigurationList;
			buildConfigurations = (
				7171E89B19E9E81900E3048A /* Debug */,
				7171E89C19E9E81900E3048A /* Release */,
			);
			defaultConfigurationIsVisible = 0;
		};
/* End XCConfigurationList section */
	};
	rootObject = 7171E86619E9E81900E3048A /* Project object */;
}
